
Microsoft Visual Studio Solution File, Format Version 12.00
# Visual Studio 15
Project("{FAE04EC0-301F-11D3-BF4B-00C04F79EFBC}") = "Assembly-CSharp", "Assembly-CSharp.csproj", "{CC05FEAE-7B2F-D736-0D3C-085F5DE9E292}"
EndProject
Project("{FAE04EC0-301F-11D3-BF4B-00C04F79EFBC}") = "Assembly-CSharp-Editor", "Assembly-CSharp-Editor.csproj", "{766A3289-085E-3AB0-0A64-49D326213DB2}"
EndProject
Global
	GlobalSection(SolutionConfigurationPlatforms) = preSolution
		Debug|Any CPU = Debug|Any CPU
		Release|Any CPU = Release|Any CPU
	EndGlobalSection
	GlobalSection(ProjectConfigurationPlatforms) = postSolution
		{CC05FEAE-7B2F-D736-0D3C-085F5DE9E292}.Debug|Any CPU.ActiveCfg = Debug|Any CPU
		{CC05FEAE-7B2F-D736-0D3C-085F5DE9E292}.Debug|Any CPU.Build.0 = Debug|Any CPU
		{CC05FEAE-7B2F-D736-0D3C-085F5DE9E292}.Release|Any CPU.ActiveCfg = Release|Any CPU
		{CC05FEAE-7B2F-D736-0D3C-085F5DE9E292}.Release|Any CPU.Build.0 = Release|Any CPU
		{766A3289-085E-3AB0-0A64-49D326213DB2}.Debug|Any CPU.ActiveCfg = Debug|Any CPU
		{766A3289-085E-3AB0-0A64-49D326213DB2}.Debug|Any CPU.Build.0 = Debug|Any CPU
		{766A3289-085E-3AB0-0A64-49D326213DB2}.Release|Any CPU.ActiveCfg = Release|Any CPU
		{766A3289-085E-3AB0-0A64-49D326213DB2}.Release|Any CPU.Build.0 = Release|Any CPU
	EndGlobalSection
	GlobalSection(SolutionProperties) = preSolution
		HideSolutionNode = FALSE
	EndGlobalSection
EndGlobal
